
Microsoft Visual Studio Solution File, Format Version 12.00
# Visual Studio 2012
Project("{FAE04EC0-301F-11D3-BF4B-00C04F79EFBC}") = "LFM.Submissions.Backend", "LFM.Submissions.Backend\LFM.Submissions.Backend.csproj", "{27DA8419-3E03-4D0A-BEC3-3B643071E597}"
EndProject
Project("{2150E333-8FDC-42A3-9474-1A3956D46DE8}") = "LandRegistry", "LandRegistry", "{9202D05B-07AD-468E-A8C8-40ABD7598E2A}"
EndProject
Project("{FAE04EC0-301F-11D3-BF4B-00C04F79EFBC}") = "LFM.Submissions.LandRegistry", "LFM.Submissions.LandRegistry\LFM.Submissions.LandRegistry.csproj", "{7D8FEB25-ABA7-44DE-84DB-5B82D5316FBB}"
EndProject
Project("{FAE04EC0-301F-11D3-BF4B-00C04F79EFBC}") = "LFM.Submissions.LandRegistry.BusinessGateway", "LFM.Submissions.LandRegistry.BusinessGateway\LFM.Submissions.LandRegistry.BusinessGateway.csproj", "{1A50F02B-15B8-46F3-B7D7-6138C49A063C}"
EndProject
Project("{FAE04EC0-301F-11D3-BF4B-00C04F79EFBC}") = "LFM.Submissions.Api", "LFM.Submissions.Api\LFM.Submissions.Api.csproj", "{6ED06D5F-2B3D-455D-95BD-D479D16F74B8}"
EndProject
Project("{FAE04EC0-301F-11D3-BF4B-00C04F79EFBC}") = "LFM.Submissions.LandRegistry.Contracts", "LFM.Submissions.LandRegistry.Contracts\LFM.Submissions.LandRegistry.Contracts.csproj", "{E0E75BAE-7070-4F94-AD06-EAACAF0EA125}"
EndProject
Project("{FAE04EC0-301F-11D3-BF4B-00C04F79EFBC}") = "LFM.Submissions.Landregistry.InternalMessages", "LFM.Submissions.Landregistry.InternalMessages\LFM.Submissions.Landregistry.InternalMessages.csproj", "{23F7358A-A120-4E48-B4C3-14918569415A}"
EndProject
Project("{FAE04EC0-301F-11D3-BF4B-00C04F79EFBC}") = "LFM.Submissions.LandRegistry.BusinessGateway.UnitTests", "LFM.Submissions.LandRegistry.BusinessGateway.UnitTests\LFM.Submissions.LandRegistry.BusinessGateway.UnitTests.csproj", "{523183F0-4680-4DDC-AE3C-FB03F6FC84F2}"
EndProject
Project("{2150E333-8FDC-42A3-9474-1A3956D46DE8}") = ".nuget", ".nuget", "{11BF0CC3-2092-4C49-A00A-9E84B3721602}"
	ProjectSection(SolutionItems) = preProject
		.nuget\packages.config = .nuget\packages.config
	EndProjectSection
EndProject
Global
	GlobalSection(SolutionConfigurationPlatforms) = preSolution
		Debug|Any CPU = Debug|Any CPU
		Release|Any CPU = Release|Any CPU
	EndGlobalSection
	GlobalSection(ProjectConfigurationPlatforms) = postSolution
		{27DA8419-3E03-4D0A-BEC3-3B643071E597}.Debug|Any CPU.ActiveCfg = Debug|Any CPU
		{27DA8419-3E03-4D0A-BEC3-3B643071E597}.Debug|Any CPU.Build.0 = Debug|Any CPU
		{27DA8419-3E03-4D0A-BEC3-3B643071E597}.Release|Any CPU.ActiveCfg = Release|Any CPU
		{27DA8419-3E03-4D0A-BEC3-3B643071E597}.Release|Any CPU.Build.0 = Release|Any CPU
		{7D8FEB25-ABA7-44DE-84DB-5B82D5316FBB}.Debug|Any CPU.ActiveCfg = Debug|Any CPU
		{7D8FEB25-ABA7-44DE-84DB-5B82D5316FBB}.Debug|Any CPU.Build.0 = Debug|Any CPU
		{7D8FEB25-ABA7-44DE-84DB-5B82D5316FBB}.Release|Any CPU.ActiveCfg = Release|Any CPU
		{7D8FEB25-ABA7-44DE-84DB-5B82D5316FBB}.Release|Any CPU.Build.0 = Release|Any CPU
		{1A50F02B-15B8-46F3-B7D7-6138C49A063C}.Debug|Any CPU.ActiveCfg = Debug|Any CPU
		{1A50F02B-15B8-46F3-B7D7-6138C49A063C}.Debug|Any CPU.Build.0 = Debug|Any CPU
		{1A50F02B-15B8-46F3-B7D7-6138C49A063C}.Release|Any CPU.ActiveCfg = Release|Any CPU
		{1A50F02B-15B8-46F3-B7D7-6138C49A063C}.Release|Any CPU.Build.0 = Release|Any CPU
		{6ED06D5F-2B3D-455D-95BD-D479D16F74B8}.Debug|Any CPU.ActiveCfg = Debug|Any CPU
		{6ED06D5F-2B3D-455D-95BD-D479D16F74B8}.Debug|Any CPU.Build.0 = Debug|Any CPU
		{6ED06D5F-2B3D-455D-95BD-D479D16F74B8}.Release|Any CPU.ActiveCfg = Release|Any CPU
		{6ED06D5F-2B3D-455D-95BD-D479D16F74B8}.Release|Any CPU.Build.0 = Release|Any CPU
		{E0E75BAE-7070-4F94-AD06-EAACAF0EA125}.Debug|Any CPU.ActiveCfg = Debug|Any CPU
		{E0E75BAE-7070-4F94-AD06-EAACAF0EA125}.Debug|Any CPU.Build.0 = Debug|Any CPU
		{E0E75BAE-7070-4F94-AD06-EAACAF0EA125}.Release|Any CPU.ActiveCfg = Release|Any CPU
		{E0E75BAE-7070-4F94-AD06-EAACAF0EA125}.Release|Any CPU.Build.0 = Release|Any CPU
		{23F7358A-A120-4E48-B4C3-14918569415A}.Debug|Any CPU.ActiveCfg = Debug|Any CPU
		{23F7358A-A120-4E48-B4C3-14918569415A}.Debug|Any CPU.Build.0 = Debug|Any CPU
		{23F7358A-A120-4E48-B4C3-14918569415A}.Release|Any CPU.ActiveCfg = Release|Any CPU
		{23F7358A-A120-4E48-B4C3-14918569415A}.Release|Any CPU.Build.0 = Release|Any CPU
		{523183F0-4680-4DDC-AE3C-FB03F6FC84F2}.Debug|Any CPU.ActiveCfg = Debug|Any CPU
		{523183F0-4680-4DDC-AE3C-FB03F6FC84F2}.Debug|Any CPU.Build.0 = Debug|Any CPU
		{523183F0-4680-4DDC-AE3C-FB03F6FC84F2}.Release|Any CPU.ActiveCfg = Release|Any CPU
		{523183F0-4680-4DDC-AE3C-FB03F6FC84F2}.Release|Any CPU.Build.0 = Release|Any CPU
	EndGlobalSection
	GlobalSection(SolutionProperties) = preSolution
		HideSolutionNode = FALSE
	EndGlobalSection
	GlobalSection(NestedProjects) = preSolution
		{7D8FEB25-ABA7-44DE-84DB-5B82D5316FBB} = {9202D05B-07AD-468E-A8C8-40ABD7598E2A}
		{1A50F02B-15B8-46F3-B7D7-6138C49A063C} = {9202D05B-07AD-468E-A8C8-40ABD7598E2A}
		{E0E75BAE-7070-4F94-AD06-EAACAF0EA125} = {9202D05B-07AD-468E-A8C8-40ABD7598E2A}
		{23F7358A-A120-4E48-B4C3-14918569415A} = {9202D05B-07AD-468E-A8C8-40ABD7598E2A}
		{523183F0-4680-4DDC-AE3C-FB03F6FC84F2} = {9202D05B-07AD-468E-A8C8-40ABD7598E2A}
	EndGlobalSection
EndGlobal
